
Microsoft Visual Studio Solution File, Format Version 12.00
# Visual Studio Version 17
VisualStudioVersion = 17.3.32929.385
MinimumVisualStudioVersion = 10.0.40219.1
Project("{9A19103F-16F7-4668-BE54-9A1E7A4F7556}") = "Numerology", "Numerology\Numerology.csproj", "{27DB40D7-BE76-4F7B-8333-ECDC17F001B4}"
EndProject
Project("{2150E333-8FDC-42A3-9474-1A3956D46DE8}") = "Core", "Core", "{3B9A248F-D1CA-47B1-9DD9-01F5B733423A}"
EndProject
Project("{9A19103F-16F7-4668-BE54-9A1E7A4F7556}") = "Core", "Core\Core.csproj", "{C0948C4C-D60B-46C2-87C9-FAAD2CEC1096}"
EndProject
Project("{2150E333-8FDC-42A3-9474-1A3956D46DE8}") = "Modules", "Modules", "{BAB4AAB3-C1A9-4CAA-B00C-BDDC4362CB7F}"
EndProject
Project("{2150E333-8FDC-42A3-9474-1A3956D46DE8}") = "DB", "DB", "{10286122-2852-4708-AF75-2E2E2BF08978}"
EndProject
Global
	GlobalSection(SolutionConfigurationPlatforms) = preSolution
		Debug|Any CPU = Debug|Any CPU
		Release|Any CPU = Release|Any CPU
	EndGlobalSection
	GlobalSection(ProjectConfigurationPlatforms) = postSolution
		{27DB40D7-BE76-4F7B-8333-ECDC17F001B4}.Debug|Any CPU.ActiveCfg = Debug|Any CPU
		{27DB40D7-BE76-4F7B-8333-ECDC17F001B4}.Debug|Any CPU.Build.0 = Debug|Any CPU
		{27DB40D7-BE76-4F7B-8333-ECDC17F001B4}.Release|Any CPU.ActiveCfg = Release|Any CPU
		{27DB40D7-BE76-4F7B-8333-ECDC17F001B4}.Release|Any CPU.Build.0 = Release|Any CPU
		{C0948C4C-D60B-46C2-87C9-FAAD2CEC1096}.Debug|Any CPU.ActiveCfg = Debug|Any CPU
		{C0948C4C-D60B-46C2-87C9-FAAD2CEC1096}.Debug|Any CPU.Build.0 = Debug|Any CPU
		{C0948C4C-D60B-46C2-87C9-FAAD2CEC1096}.Release|Any CPU.ActiveCfg = Release|Any CPU
		{C0948C4C-D60B-46C2-87C9-FAAD2CEC1096}.Release|Any CPU.Build.0 = Release|Any CPU
	EndGlobalSection
	GlobalSection(SolutionProperties) = preSolution
		HideSolutionNode = FALSE
	EndGlobalSection
	GlobalSection(NestedProjects) = preSolution
		{C0948C4C-D60B-46C2-87C9-FAAD2CEC1096} = {3B9A248F-D1CA-47B1-9DD9-01F5B733423A}
	EndGlobalSection
	GlobalSection(ExtensibilityGlobals) = postSolution
		SolutionGuid = {5F26F13E-6976-4296-9EB5-1FA2522E77DC}
	EndGlobalSection
EndGlobal
